
Microsoft Visual Studio Solution File, Format Version 12.00
# Visual Studio Version 16
VisualStudioVersion = 16.0.31321.278
MinimumVisualStudioVersion = 10.0.40219.1
Project("{FAE04EC0-301F-11D3-BF4B-00C04F79EFBC}") = "DSWI-TiendaJulio", "DSWI-TiendaJulio\DSWI-TiendaJulio.csproj", "{4C0AEE33-96C7-423B-89F2-D5DA330705A2}"
EndProject
Global
	GlobalSection(SolutionConfigurationPlatforms) = preSolution
		Debug|Any CPU = Debug|Any CPU
		Release|Any CPU = Release|Any CPU
	EndGlobalSection
	GlobalSection(ProjectConfigurationPlatforms) = postSolution
		{4C0AEE33-96C7-423B-89F2-D5DA330705A2}.Debug|Any CPU.ActiveCfg = Debug|Any CPU
		{4C0AEE33-96C7-423B-89F2-D5DA330705A2}.Debug|Any CPU.Build.0 = Debug|Any CPU
		{4C0AEE33-96C7-423B-89F2-D5DA330705A2}.Release|Any CPU.ActiveCfg = Release|Any CPU
		{4C0AEE33-96C7-423B-89F2-D5DA330705A2}.Release|Any CPU.Build.0 = Release|Any CPU
	EndGlobalSection
	GlobalSection(SolutionProperties) = preSolution
		HideSolutionNode = FALSE
	EndGlobalSection
	GlobalSection(ExtensibilityGlobals) = postSolution
		SolutionGuid = {C941C33E-4B61-425E-B2B1-27BB1C844E81}
	EndGlobalSection
EndGlobal
